// !$*UTF8*$!
{
	archiveVersion = 1;
	classes = {
	};
	objectVersion = 50;
	objects = {

/* Begin PBXBuildFile section */
		2E2444622298AB73006C27F1 /* AppDelegate.swift in Sources */ = {isa = PBXBuildFile; fileRef = 2E2444612298AB73006C27F1 /* AppDelegate.swift */; };
		2E2444642298AB73006C27F1 /* ViewController.swift in Sources */ = {isa = PBXBuildFile; fileRef = 2E2444632298AB73006C27F1 /* ViewController.swift */; };
		2E2444672298AB73006C27F1 /* Main.storyboard in Resources */ = {isa = PBXBuildFile; fileRef = 2E2444652298AB73006C27F1 /* Main.storyboard */; };
		2E2444692298AB74006C27F1 /* Assets.xcassets in Resources */ = {isa = PBXBuildFile; fileRef = 2E2444682298AB74006C27F1 /* Assets.xcassets */; };
		2E24446C2298AB74006C27F1 /* LaunchScreen.storyboard in Resources */ = {isa = PBXBuildFile; fileRef = 2E24446A2298AB74006C27F1 /* LaunchScreen.storyboard */; };
		2EC91A7D2298F9F600A5E999 /* vaderController.swift in Sources */ = {isa = PBXBuildFile; fileRef = 2EC91A7C2298F9F600A5E999 /* vaderController.swift */; };
		2EC91A83229A188800A5E999 /* PreferenceModel.swift in Sources */ = {isa = PBXBuildFile; fileRef = 2EC91A82229A188800A5E999 /* PreferenceModel.swift */; };
		2EC91A85229A1B3F00A5E999 /* Preferences.plist in Resources */ = {isa = PBXBuildFile; fileRef = 2EC91A84229A1B3F00A5E999 /* Preferences.plist */; };
		2EC91A87229A1D8D00A5E999 /* PreferencesController.swift in Sources */ = {isa = PBXBuildFile; fileRef = 2EC91A86229A1D8D00A5E999 /* PreferencesController.swift */; };
		2EC91A89229CA6E700A5E999 /* MathCardButton.swift in Sources */ = {isa = PBXBuildFile; fileRef = 2EC91A88229CA6E700A5E999 /* MathCardButton.swift */; };
/* End PBXBuildFile section */

/* Begin PBXFileReference section */
		2E24445E2298AB73006C27F1 /* MathCards.app */ = {isa = PBXFileReference; explicitFileType = wrapper.application; includeInIndex = 0; path = MathCards.app; sourceTree = BUILT_PRODUCTS_DIR; };
		2E2444612298AB73006C27F1 /* AppDelegate.swift */ = {isa = PBXFileReference; lastKnownFileType = sourcecode.swift; path = AppDelegate.swift; sourceTree = "<group>"; };
		2E2444632298AB73006C27F1 /* ViewController.swift */ = {isa = PBXFileReference; lastKnownFileType = sourcecode.swift; path = ViewController.swift; sourceTree = "<group>"; };
		2E2444662298AB73006C27F1 /* Base */ = {isa = PBXFileReference; lastKnownFileType = file.storyboard; name = Base; path = Base.lproj/Main.storyboard; sourceTree = "<group>"; };
		2E2444682298AB74006C27F1 /* Assets.xcassets */ = {isa = PBXFileReference; lastKnownFileType = folder.assetcatalog; path = Assets.xcassets; sourceTree = "<group>"; };
		2E24446B2298AB74006C27F1 /* Base */ = {isa = PBXFileReference; lastKnownFileType = file.storyboard; name = Base; path = Base.lproj/LaunchScreen.storyboard; sourceTree = "<group>"; };
		2E24446D2298AB74006C27F1 /* Info.plist */ = {isa = PBXFileReference; lastKnownFileType = text.plist.xml; path = Info.plist; sourceTree = "<group>"; };
		2EC91A7C2298F9F600A5E999 /* vaderController.swift */ = {isa = PBXFileReference; lastKnownFileType = sourcecode.swift; path = vaderController.swift; sourceTree = "<group>"; };
		2EC91A82229A188800A5E999 /* PreferenceModel.swift */ = {isa = PBXFileReference; lastKnownFileType = sourcecode.swift; path = PreferenceModel.swift; sourceTree = "<group>"; };
		2EC91A84229A1B3F00A5E999 /* Preferences.plist */ = {isa = PBXFileReference; lastKnownFileType = text.plist.xml; path = Preferences.plist; sourceTree = "<group>"; };
		2EC91A86229A1D8D00A5E999 /* PreferencesController.swift */ = {isa = PBXFileReference; lastKnownFileType = sourcecode.swift; path = PreferencesController.swift; sourceTree = "<group>"; };
		2EC91A88229CA6E700A5E999 /* MathCardButton.swift */ = {isa = PBXFileReference; lastKnownFileType = sourcecode.swift; path = MathCardButton.swift; sourceTree = "<group>"; };
/* End PBXFileReference section */

/* Begin PBXFrameworksBuildPhase section */
		2E24445B2298AB73006C27F1 /* Frameworks */ = {
			isa = PBXFrameworksBuildPhase;
			buildActionMask = 2147483647;
			files = (
			);
			runOnlyForDeploymentPostprocessing = 0;
		};
/* End PBXFrameworksBuildPhase section */

/* Begin PBXGroup section */
		2E2444552298AB73006C27F1 = {
			isa = PBXGroup;
			children = (
				2E2444602298AB73006C27F1 /* MathCards */,
				2E24445F2298AB73006C27F1 /* Products */,
			);
			sourceTree = "<group>";
		};
		2E24445F2298AB73006C27F1 /* Products */ = {
			isa = PBXGroup;
			children = (
				2E24445E2298AB73006C27F1 /* MathCards.app */,
			);
			name = Products;
			sourceTree = "<group>";
		};
		2E2444602298AB73006C27F1 /* MathCards */ = {
			isa = PBXGroup;
			children = (
				2E2444612298AB73006C27F1 /* AppDelegate.swift */,
				2E2444632298AB73006C27F1 /* ViewController.swift */,
				2E2444652298AB73006C27F1 /* Main.storyboard */,
				2E2444682298AB74006C27F1 /* Assets.xcassets */,
				2E24446A2298AB74006C27F1 /* LaunchScreen.storyboard */,
				2E24446D2298AB74006C27F1 /* Info.plist */,
				2EC91A82229A188800A5E999 /* PreferenceModel.swift */,
				2EC91A84229A1B3F00A5E999 /* Preferences.plist */,
				2EC91A86229A1D8D00A5E999 /* PreferencesController.swift */,
				2EC91A7C2298F9F600A5E999 /* vaderController.swift */,
				2EC91A88229CA6E700A5E999 /* MathCardButton.swift */,
			);
			path = MathCards;
			sourceTree = "<group>";
		};
/* End PBXGroup section */

/* Begin PBXNativeTarget section */
		2E24445D2298AB73006C27F1 /* MathCards */ = {
			isa = PBXNativeTarget;
			buildConfigurationList = 2E2444702298AB74006C27F1 /* Build configuration list for PBXNativeTarget "MathCards" */;
			buildPhases = (
				2E24445A2298AB73006C27F1 /* Sources */,
				2E24445B2298AB73006C27F1 /* Frameworks */,
				2E24445C2298AB73006C27F1 /* Resources */,
			);
			buildRules = (
			);
			dependencies = (
			);
			name = MathCards;
			productName = MathCards;
			productReference = 2E24445E2298AB73006C27F1 /* MathCards.app */;
			productType = "com.apple.product-type.application";
		};
/* End PBXNativeTarget section */

/* Begin PBXProject section */
		2E2444562298AB73006C27F1 /* Project object */ = {
			isa = PBXProject;
			attributes = {
				LastSwiftUpdateCheck = 1020;
				LastUpgradeCheck = 1020;
				ORGANIZATIONNAME = "Thomas Morel";
				TargetAttributes = {
					2E24445D2298AB73006C27F1 = {
						CreatedOnToolsVersion = 10.2.1;
					};
				};
			};
			buildConfigurationList = 2E2444592298AB73006C27F1 /* Build configuration list for PBXProject "MathCards" */;
			compatibilityVersion = "Xcode 9.3";
			developmentRegion = en;
			hasScannedForEncodings = 0;
			knownRegions = (
				en,
				Base,
			);
			mainGroup = 2E2444552298AB73006C27F1;
			productRefGroup = 2E24445F2298AB73006C27F1 /* Products */;
			projectDirPath = "";
			projectRoot = "";
			targets = (
				2E24445D2298AB73006C27F1 /* MathCards */,
			);
		};
/* End PBXProject section */

/* Begin PBXResourcesBuildPhase section */
		2E24445C2298AB73006C27F1 /* Resources */ = {
			isa = PBXResourcesBuildPhase;
			buildActionMask = 2147483647;
			files = (
				2E24446C2298AB74006C27F1 /* LaunchScreen.storyboard in Resources */,
				2EC91A85229A1B3F00A5E999 /* Preferences.plist in Resources */,
				2E2444692298AB74006C27F1 /* Assets.xcassets in Resources */,
				2E2444672298AB73006C27F1 /* Main.storyboard in Resources */,
			);
			runOnlyForDeploymentPostprocessing = 0;
		};
/* End PBXResourcesBuildPhase section */

/* Begin PBXSourcesBuildPhase section */
		2E24445A2298AB73006C27F1 /* Sources */ = {
			isa = PBXSourcesBuildPhase;
			buildActionMask = 2147483647;
			files = (
				2EC91A83229A188800A5E999 /* PreferenceModel.swift in Sources */,
				2EC91A87229A1D8D00A5E999 /* PreferencesController.swift in Sources */,
				2EC91A7D2298F9F600A5E999 /* vaderController.swift in Sources */,
				2E2444642298AB73006C27F1 /* ViewController.swift in Sources */,
				2E2444622298AB73006C27F1 /* AppDelegate.swift in Sources */,
				2EC91A89229CA6E700A5E999 /* MathCardButton.swift in Sources */,
			);
			runOnlyForDeploymentPostprocessing = 0;
		};
/* End PBXSourcesBuildPhase section */

/* Begin PBXVariantGroup section */
		2E2444652298AB73006C27F1 /* Main.storyboard */ = {
			isa = PBXVariantGroup;
			children = (
				2E2444662298AB73006C27F1 /* Base */,
			);
			name = Main.storyboard;
			sourceTree = "<group>";
		};
		2E24446A2298AB74006C27F1 /* LaunchScreen.storyboard */ = {
			isa = PBXVariantGroup;
			children = (
				2E24446B2298AB74006C27F1 /* Base */,
			);
			name = LaunchScreen.storyboard;
			sourceTree = "<group>";
		};
/* End PBXVariantGroup section */

/* Begin XCBuildConfiguration section */
		2E24446E2298AB74006C27F1 /* Debug */ = {
			isa = XCBuildConfiguration;
			buildSettings = {
				ALWAYS_SEARCH_USER_PATHS = NO;
				CLANG_ANALYZER_NONNULL = YES;
				CLANG_ANALYZER_NUMBER_OBJECT_CONVERSION = YES_AGGRESSIVE;
				CLANG_CXX_LANGUAGE_STANDARD = "gnu++14";
				CLANG_CXX_LIBRARY = "libc++";
				CLANG_ENABLE_MODULES = YES;
				CLANG_ENABLE_OBJC_ARC = YES;
				CLANG_ENABLE_OBJC_WEAK = YES;
				CLANG_WARN_BLOCK_CAPTURE_AUTORELEASING = YES;
				CLANG_WARN_BOOL_CONVERSION = YES;
				CLANG_WARN_COMMA = YES;
				CLANG_WARN_CONSTANT_CONVERSION = YES;
				CLANG_WARN_DEPRECATED_OBJC_IMPLEMENTATIONS = YES;
				CLANG_WARN_DIRECT_OBJC_ISA_USAGE = YES_ERROR;
				CLANG_WARN_DOCUMENTATION_COMMENTS = YES;
				CLANG_WARN_EMPTY_BODY = YES;
				CLANG_WARN_ENUM_CONVERSION = YES;
				CLANG_WARN_INFINITE_RECURSION = YES;
				CLANG_WARN_INT_CONVERSION = YES;
				CLANG_WARN_NON_LITERAL_NULL_CONVERSION = YES;
				CLANG_WARN_OBJC_IMPLICIT_RETAIN_SELF = YES;
				CLANG_WARN_OBJC_LITERAL_CONVERSION = YES;
				CLANG_WARN_OBJC_ROOT_CLASS = YES_ERROR;
				CLANG_WARN_RANGE_LOOP_ANALYSIS = YES;
				CLANG_WARN_STRICT_PROTOTYPES = YES;
				CLANG_WARN_SUSPICIOUS_MOVE = YES;
				CLANG_WARN_UNGUARDED_AVAILABILITY = YES_AGGRESSIVE;
				CLANG_WARN_UNREACHABLE_CODE = YES;
				CLANG_WARN__DUPLICATE_METHOD_MATCH = YES;
				CODE_SIGN_IDENTITY = "iPhone Developer";
				COPY_PHASE_STRIP = NO;
				DEBUG_INFORMATION_FORMAT = dwarf;
				ENABLE_STRICT_OBJC_MSGSEND = YES;
				ENABLE_TESTABILITY = YES;
				GCC_C_LANGUAGE_STANDARD = gnu11;
				GCC_DYNAMIC_NO_PIC = NO;
				GCC_NO_COMMON_BLOCKS = YES;
				GCC_OPTIMIZATION_LEVEL = 0;
				GCC_PREPROCESSOR_DEFINITIONS = (
					"DEBUG=1",
					"$(inherited)",
				);
				GCC_WARN_64_TO_32_BIT_CONVERSION = YES;
				GCC_WARN_ABOUT_RETURN_TYPE = YES_ERROR;
				GCC_WARN_UNDECLARED_SELECTOR = YES;
				GCC_WARN_UNINITIALIZED_AUTOS = YES_AGGRESSIVE;
				GCC_WARN_UNUSED_FUNCTION = YES;
				GCC_WARN_UNUSED_VARIABLE = YES;
				IPHONEOS_DEPLOYMENT_TARGET = 12.2;
				MTL_ENABLE_DEBUG_INFO = INCLUDE_SOURCE;
				MTL_FAST_MATH = YES;
				ONLY_ACTIVE_ARCH = YES;
				SDKROOT = iphoneos;
				SWIFT_ACTIVE_COMPILATION_CONDITIONS = DEBUG;
				SWIFT_OPTIMIZATION_LEVEL = "-Onone";
			};
			name = Debug;
		};
		2E24446F2298AB74006C27F1 /* Release */ = {
			isa = XCBuildConfiguration;
			buildSettings = {
				ALWAYS_SEARCH_USER_PATHS = NO;
				CLANG_ANALYZER_NONNULL = YES;
				CLANG_ANALYZER_NUMBER_OBJECT_CONVERSION = YES_AGGRESSIVE;
				CLANG_CXX_LANGUAGE_STANDARD = "gnu++14";
				CLANG_CXX_LIBRARY = "libc++";
				CLANG_ENABLE_MODULES = YES;
				CLANG_ENABLE_OBJC_ARC = YES;
				CLANG_ENABLE_OBJC_WEAK = YES;
				CLANG_WARN_BLOCK_CAPTURE_AUTORELEASING = YES;
				CLANG_WARN_BOOL_CONVERSION = YES;
				CLANG_WARN_COMMA = YES;
				CLANG_WARN_CONSTANT_CONVERSION = YES;
				CLANG_WARN_DEPRECATED_OBJC_IMPLEMENTATIONS = YES;
				CLANG_WARN_DIRECT_OBJC_ISA_USAGE = YES_ERROR;
				CLANG_WARN_DOCUMENTATION_COMMENTS = YES;
				CLANG_WARN_EMPTY_BODY = YES;
				CLANG_WARN_ENUM_CONVERSION = YES;
				CLANG_WARN_INFINITE_RECURSION = YES;
				CLANG_WARN_INT_CONVERSION = YES;
				CLANG_WARN_NON_LITERAL_NULL_CONVERSION = YES;
				CLANG_WARN_OBJC_IMPLICIT_RETAIN_SELF = YES;
				CLANG_WARN_OBJC_LITERAL_CONVERSION = YES;
				CLANG_WARN_OBJC_ROOT_CLASS = YES_ERROR;
				CLANG_WARN_RANGE_LOOP_ANALYSIS = YES;
				CLANG_WARN_STRICT_PROTOTYPES = YES;
				CLANG_WARN_SUSPICIOUS_MOVE = YES;
				CLANG_WARN_UNGUARDED_AVAILABILITY = YES_AGGRESSIVE;
				CLANG_WARN_UNREACHABLE_CODE = YES;
				CLANG_WARN__DUPLICATE_METHOD_MATCH = YES;
				CODE_SIGN_IDENTITY = "iPhone Developer";
				COPY_PHASE_STRIP = NO;
				DEBUG_INFORMATION_FORMAT = "dwarf-with-dsym";
				ENABLE_NS_ASSERTIONS = NO;
				ENABLE_STRICT_OBJC_MSGSEND = YES;
				GCC_C_LANGUAGE_STANDARD = gnu11;
				GCC_NO_COMMON_BLOCKS = YES;
				GCC_WARN_64_TO_32_BIT_CONVERSION = YES;
				GCC_WARN_ABOUT_RETURN_TYPE = YES_ERROR;
				GCC_WARN_UNDECLARED_SELECTOR = YES;
				GCC_WARN_UNINITIALIZED_AUTOS = YES_AGGRESSIVE;
				GCC_WARN_UNUSED_FUNCTION = YES;
				GCC_WARN_UNUSED_VARIABLE = YES;
				IPHONEOS_DEPLOYMENT_TARGET = 12.2;
				MTL_ENABLE_DEBUG_INFO = NO;
				MTL_FAST_MATH = YES;
				SDKROOT = iphoneos;
				SWIFT_COMPILATION_MODE = wholemodule;
				SWIFT_OPTIMIZATION_LEVEL = "-O";
				VALIDATE_PRODUCT = YES;
			};
			name = Release;
		};
		2E2444712298AB74006C27F1 /* Debug */ = {
			isa = XCBuildConfiguration;
			buildSettings = {
				ASSETCATALOG_COMPILER_APPICON_NAME = AppIcon;
				CODE_SIGN_STYLE = Automatic;
				DEVELOPMENT_TEAM = YN3X9T6J4W;
				INFOPLIST_FILE = MathCards/Info.plist;
				LD_RUNPATH_SEARCH_PATHS = (
					"$(inherited)",
					"@executable_path/Frameworks",
				);
				PRODUCT_BUNDLE_IDENTIFIER = com.OMJ.MathCards;
				PRODUCT_NAME = "$(TARGET_NAME)";
				SWIFT_VERSION = 5.0;
				TARGETED_DEVICE_FAMILY = "1,2";
			};
			name = Debug;
		};
		2E2444722298AB74006C27F1 /* Release */ = {
			isa = XCBuildConfiguration;
			buildSettings = {
				ASSETCATALOG_COMPILER_APPICON_NAME = AppIcon;
				CODE_SIGN_STYLE = Automatic;
				DEVELOPMENT_TEAM = YN3X9T6J4W;
				INFOPLIST_FILE = MathCards/Info.plist;
				LD_RUNPATH_SEARCH_PATHS = (
					"$(inherited)",
					"@executable_path/Frameworks",
				);
				PRODUCT_BUNDLE_IDENTIFIER = com.OMJ.MathCards;
				PRODUCT_NAME = "$(TARGET_NAME)";
				SWIFT_VERSION = 5.0;
				TARGETED_DEVICE_FAMILY = "1,2";
			};
			name = Release;
		};
/* End XCBuildConfiguration section */

/* Begin XCConfigurationList section */
		2E2444592298AB73006C27F1 /* Build configuration list for PBXProject "MathCards" */ = {
			isa = XCConfigurationList;
			buildConfigurations = (
				2E24446E2298AB74006C27F1 /* Debug */,
				2E24446F2298AB74006C27F1 /* Release */,
			);
			defaultConfigurationIsVisible = 0;
			defaultConfigurationName = Release;
		};
		2E2444702298AB74006C27F1 /* Build configuration list for PBXNativeTarget "MathCards" */ = {
			isa = XCConfigurationList;
			buildConfigurations = (
				2E2444712298AB74006C27F1 /* Debug */,
				2E2444722298AB74006C27F1 /* Release */,
			);
			defaultConfigurationIsVisible = 0;
			defaultConfigurationName = Release;
		};
/* End XCConfigurationList section */
	};
	rootObject = 2E2444562298AB73006C27F1 /* Project object */;
}
